// !$*UTF8*$!
{
	archiveVersion = 1;
	classes = {
	};
	objectVersion = 55;
	objects = {

/* Begin PBXBuildFile section */
		BE68C99A28473C2000D1C21D /* AppDelegate.swift in Sources */ = {isa = PBXBuildFile; fileRef = BE68C99928473C2000D1C21D /* AppDelegate.swift */; };
		BE68C99C28473C2000D1C21D /* SceneDelegate.swift in Sources */ = {isa = PBXBuildFile; fileRef = BE68C99B28473C2000D1C21D /* SceneDelegate.swift */; };
		BE68C99E28473C2000D1C21D /* ViewController.swift in Sources */ = {isa = PBXBuildFile; fileRef = BE68C99D28473C2000D1C21D /* ViewController.swift */; };
		BE68C9A128473C2000D1C21D /* Main.storyboard in Resources */ = {isa = PBXBuildFile; fileRef = BE68C99F28473C2000D1C21D /* Main.storyboard */; };
		BE68C9A328473C2200D1C21D /* Assets.xcassets in Resources */ = {isa = PBXBuildFile; fileRef = BE68C9A228473C2200D1C21D /* Assets.xcassets */; };
		BE68C9A628473C2200D1C21D /* LaunchScreen.storyboard in Resources */ = {isa = PBXBuildFile; fileRef = BE68C9A428473C2200D1C21D /* LaunchScreen.storyboard */; };
		BE68C9AE28473C5A00D1C21D /* www in Resources */ = {isa = PBXBuildFile; fileRef = BE68C9AD28473C5A00D1C21D /* www */; };
		F194991F57C058A164F9FF08 /* Pods_DLR_WebView.framework in Frameworks */ = {isa = PBXBuildFile; fileRef = DA47CD43B7C038E2A1DF4AE7 /* Pods_DLR_WebView.framework */; };
/* End PBXBuildFile section */

/* Begin PBXFileReference section */
		82E14E3B7547D290B23138D7 /* Pods-DLR WebView.release.xcconfig */ = {isa = PBXFileReference; includeInIndex = 1; lastKnownFileType = text.xcconfig; name = "Pods-DLR WebView.release.xcconfig"; path = "Target Support Files/Pods-DLR WebView/Pods-DLR WebView.release.xcconfig"; sourceTree = "<group>"; };
		A14297A61AD70105374370D4 /* Pods-DLR WebView.debug.xcconfig */ = {isa = PBXFileReference; includeInIndex = 1; lastKnownFileType = text.xcconfig; name = "Pods-DLR WebView.debug.xcconfig"; path = "Target Support Files/Pods-DLR WebView/Pods-DLR WebView.debug.xcconfig"; sourceTree = "<group>"; };
		BE68C99628473C2000D1C21D /* DLR WebView.app */ = {isa = PBXFileReference; explicitFileType = wrapper.application; includeInIndex = 0; path = "DLR WebView.app"; sourceTree = BUILT_PRODUCTS_DIR; };
		BE68C99928473C2000D1C21D /* AppDelegate.swift */ = {isa = PBXFileReference; lastKnownFileType = sourcecode.swift; path = AppDelegate.swift; sourceTree = "<group>"; };
		BE68C99B28473C2000D1C21D /* SceneDelegate.swift */ = {isa = PBXFileReference; lastKnownFileType = sourcecode.swift; path = SceneDelegate.swift; sourceTree = "<group>"; };
		BE68C99D28473C2000D1C21D /* ViewController.swift */ = {isa = PBXFileReference; lastKnownFileType = sourcecode.swift; path = ViewController.swift; sourceTree = "<group>"; };
		BE68C9A028473C2000D1C21D /* Base */ = {isa = PBXFileReference; lastKnownFileType = file.storyboard; name = Base; path = Base.lproj/Main.storyboard; sourceTree = "<group>"; };
		BE68C9A228473C2200D1C21D /* Assets.xcassets */ = {isa = PBXFileReference; lastKnownFileType = folder.assetcatalog; path = Assets.xcassets; sourceTree = "<group>"; };
		BE68C9A528473C2200D1C21D /* Base */ = {isa = PBXFileReference; lastKnownFileType = file.storyboard; name = Base; path = Base.lproj/LaunchScreen.storyboard; sourceTree = "<group>"; };
		BE68C9A728473C2200D1C21D /* Info.plist */ = {isa = PBXFileReference; lastKnownFileType = text.plist.xml; path = Info.plist; sourceTree = "<group>"; };
		BE68C9AD28473C5A00D1C21D /* www */ = {isa = PBXFileReference; lastKnownFileType = folder; path = www; sourceTree = "<group>"; };
		DA47CD43B7C038E2A1DF4AE7 /* Pods_DLR_WebView.framework */ = {isa = PBXFileReference; explicitFileType = wrapper.framework; includeInIndex = 0; path = Pods_DLR_WebView.framework; sourceTree = BUILT_PRODUCTS_DIR; };
/* End PBXFileReference section */

/* Begin PBXFrameworksBuildPhase section */
		BE68C99328473C2000D1C21D /* Frameworks */ = {
			isa = PBXFrameworksBuildPhase;
			buildActionMask = 2147483647;
			files = (
				F194991F57C058A164F9FF08 /* Pods_DLR_WebView.framework in Frameworks */,
			);
			runOnlyForDeploymentPostprocessing = 0;
		};
/* End PBXFrameworksBuildPhase section */

/* Begin PBXGroup section */
		7932CBD38A9B821FD231380F /* Pods */ = {
			isa = PBXGroup;
			children = (
				A14297A61AD70105374370D4 /* Pods-DLR WebView.debug.xcconfig */,
				82E14E3B7547D290B23138D7 /* Pods-DLR WebView.release.xcconfig */,
			);
			path = Pods;
			sourceTree = "<group>";
		};
		81FAC2706A1B3BF1809C5539 /* Frameworks */ = {
			isa = PBXGroup;
			children = (
				DA47CD43B7C038E2A1DF4AE7 /* Pods_DLR_WebView.framework */,
			);
			name = Frameworks;
			sourceTree = "<group>";
		};
		BE68C98D28473C2000D1C21D = {
			isa = PBXGroup;
			children = (
				BE68C99828473C2000D1C21D /* DLR WebView */,
				BE68C99728473C2000D1C21D /* Products */,
				7932CBD38A9B821FD231380F /* Pods */,
				81FAC2706A1B3BF1809C5539 /* Frameworks */,
			);
			sourceTree = "<group>";
		};
		BE68C99728473C2000D1C21D /* Products */ = {
			isa = PBXGroup;
			children = (
				BE68C99628473C2000D1C21D /* DLR WebView.app */,
			);
			name = Products;
			sourceTree = "<group>";
		};
		BE68C99828473C2000D1C21D /* DLR WebView */ = {
			isa = PBXGroup;
			children = (
				BE68C9AD28473C5A00D1C21D /* www */,
				BE68C99928473C2000D1C21D /* AppDelegate.swift */,
				BE68C99B28473C2000D1C21D /* SceneDelegate.swift */,
				BE68C99D28473C2000D1C21D /* ViewController.swift */,
				BE68C99F28473C2000D1C21D /* Main.storyboard */,
				BE68C9A228473C2200D1C21D /* Assets.xcassets */,
				BE68C9A428473C2200D1C21D /* LaunchScreen.storyboard */,
				BE68C9A728473C2200D1C21D /* Info.plist */,
			);
			path = "DLR WebView";
			sourceTree = "<group>";
		};
/* End PBXGroup section */

/* Begin PBXNativeTarget section */
		BE68C99528473C2000D1C21D /* DLR WebView */ = {
			isa = PBXNativeTarget;
			buildConfigurationList = BE68C9AA28473C2200D1C21D /* Build configuration list for PBXNativeTarget "DLR WebView" */;
			buildPhases = (
				5482D7DAF0D3C3AB20351513 /* [CP] Check Pods Manifest.lock */,
				BE68C99228473C2000D1C21D /* Sources */,
				BE68C99328473C2000D1C21D /* Frameworks */,
				BE68C99428473C2000D1C21D /* Resources */,
				00EBC4BCAC495641A8C5B2DA /* [CP] Embed Pods Frameworks */,
			);
			buildRules = (
			);
			dependencies = (
			);
			name = "DLR WebView";
			productName = "DLR WebView";
			productReference = BE68C99628473C2000D1C21D /* DLR WebView.app */;
			productType = "com.apple.product-type.application";
		};
/* End PBXNativeTarget section */

/* Begin PBXProject section */
		BE68C98E28473C2000D1C21D /* Project object */ = {
			isa = PBXProject;
			attributes = {
				BuildIndependentTargetsInParallel = 1;
				LastSwiftUpdateCheck = 1310;
				LastUpgradeCheck = 1310;
				TargetAttributes = {
					BE68C99528473C2000D1C21D = {
						CreatedOnToolsVersion = 13.1;
					};
				};
			};
			buildConfigurationList = BE68C99128473C2000D1C21D /* Build configuration list for PBXProject "DLR WebView" */;
			compatibilityVersion = "Xcode 13.0";
			developmentRegion = en;
			hasScannedForEncodings = 0;
			knownRegions = (
				en,
				Base,
			);
			mainGroup = BE68C98D28473C2000D1C21D;
			productRefGroup = BE68C99728473C2000D1C21D /* Products */;
			projectDirPath = "";
			projectRoot = "";
			targets = (
				BE68C99528473C2000D1C21D /* DLR WebView */,
			);
		};
/* End PBXProject section */

/* Begin PBXResourcesBuildPhase section */
		BE68C99428473C2000D1C21D /* Resources */ = {
			isa = PBXResourcesBuildPhase;
			buildActionMask = 2147483647;
			files = (
				BE68C9AE28473C5A00D1C21D /* www in Resources */,
				BE68C9A628473C2200D1C21D /* LaunchScreen.storyboard in Resources */,
				BE68C9A328473C2200D1C21D /* Assets.xcassets in Resources */,
				BE68C9A128473C2000D1C21D /* Main.storyboard in Resources */,
			);
			runOnlyForDeploymentPostprocessing = 0;
		};
/* End PBXResourcesBuildPhase section */

/* Begin PBXShellScriptBuildPhase section */
		00EBC4BCAC495641A8C5B2DA /* [CP] Embed Pods Frameworks */ = {
			isa = PBXShellScriptBuildPhase;
			buildActionMask = 2147483647;
			files = (
			);
			inputFileListPaths = (
				"${PODS_ROOT}/Target Support Files/Pods-DLR WebView/Pods-DLR WebView-frameworks-${CONFIGURATION}-input-files.xcfilelist",
			);
			name = "[CP] Embed Pods Frameworks";
			outputFileListPaths = (
				"${PODS_ROOT}/Target Support Files/Pods-DLR WebView/Pods-DLR WebView-frameworks-${CONFIGURATION}-output-files.xcfilelist",
			);
			runOnlyForDeploymentPostprocessing = 0;
			shellPath = /bin/sh;
			shellScript = "\"${PODS_ROOT}/Target Support Files/Pods-DLR WebView/Pods-DLR WebView-frameworks.sh\"\n";
			showEnvVarsInLog = 0;
		};
		5482D7DAF0D3C3AB20351513 /* [CP] Check Pods Manifest.lock */ = {
			isa = PBXShellScriptBuildPhase;
			buildActionMask = 2147483647;
			files = (
			);
			inputFileListPaths = (
			);
			inputPaths = (
				"${PODS_PODFILE_DIR_PATH}/Podfile.lock",
				"${PODS_ROOT}/Manifest.lock",
			);
			name = "[CP] Check Pods Manifest.lock";
			outputFileListPaths = (
			);
			outputPaths = (
				"$(DERIVED_FILE_DIR)/Pods-DLR WebView-checkManifestLockResult.txt",
			);
			runOnlyForDeploymentPostprocessing = 0;
			shellPath = /bin/sh;
			shellScript = "diff \"${PODS_PODFILE_DIR_PATH}/Podfile.lock\" \"${PODS_ROOT}/Manifest.lock\" > /dev/null\nif [ $? != 0 ] ; then\n    # print error to STDERR\n    echo \"error: The sandbox is not in sync with the Podfile.lock. Run 'pod install' or update your CocoaPods installation.\" >&2\n    exit 1\nfi\n# This output is used by Xcode 'outputs' to avoid re-running this script phase.\necho \"SUCCESS\" > \"${SCRIPT_OUTPUT_FILE_0}\"\n";
			showEnvVarsInLog = 0;
		};
/* End PBXShellScriptBuildPhase section */

/* Begin PBXSourcesBuildPhase section */
		BE68C99228473C2000D1C21D /* Sources */ = {
			isa = PBXSourcesBuildPhase;
			buildActionMask = 2147483647;
			files = (
				BE68C99E28473C2000D1C21D /* ViewController.swift in Sources */,
				BE68C99A28473C2000D1C21D /* AppDelegate.swift in Sources */,
				BE68C99C28473C2000D1C21D /* SceneDelegate.swift in Sources */,
			);
			runOnlyForDeploymentPostprocessing = 0;
		};
/* End PBXSourcesBuildPhase section */

/* Begin PBXVariantGroup section */
		BE68C99F28473C2000D1C21D /* Main.storyboard */ = {
			isa = PBXVariantGroup;
			children = (
				BE68C9A028473C2000D1C21D /* Base */,
			);
			name = Main.storyboard;
			sourceTree = "<group>";
		};
		BE68C9A428473C2200D1C21D /* LaunchScreen.storyboard */ = {
			isa = PBXVariantGroup;
			children = (
				BE68C9A528473C2200D1C21D /* Base */,
			);
			name = LaunchScreen.storyboard;
			sourceTree = "<group>";
		};
/* End PBXVariantGroup section */

/* Begin XCBuildConfiguration section */
		BE68C9A828473C2200D1C21D /* Debug */ = {
			isa = XCBuildConfiguration;
			buildSettings = {
				ALWAYS_SEARCH_USER_PATHS = NO;
				CLANG_ANALYZER_NONNULL = YES;
				CLANG_ANALYZER_NUMBER_OBJECT_CONVERSION = YES_AGGRESSIVE;
				CLANG_CXX_LANGUAGE_STANDARD = "gnu++17";
				CLANG_CXX_LIBRARY = "libc++";
				CLANG_ENABLE_MODULES = YES;
				CLANG_ENABLE_OBJC_ARC = YES;
				CLANG_ENABLE_OBJC_WEAK = YES;
				CLANG_WARN_BLOCK_CAPTURE_AUTORELEASING = YES;
				CLANG_WARN_BOOL_CONVERSION = YES;
				CLANG_WARN_COMMA = YES;
				CLANG_WARN_CONSTANT_CONVERSION = YES;
				CLANG_WARN_DEPRECATED_OBJC_IMPLEMENTATIONS = YES;
				CLANG_WARN_DIRECT_OBJC_ISA_USAGE = YES_ERROR;
				CLANG_WARN_DOCUMENTATION_COMMENTS = YES;
				CLANG_WARN_EMPTY_BODY = YES;
				CLANG_WARN_ENUM_CONVERSION = YES;
				CLANG_WARN_INFINITE_RECURSION = YES;
				CLANG_WARN_INT_CONVERSION = YES;
				CLANG_WARN_NON_LITERAL_NULL_CONVERSION = YES;
				CLANG_WARN_OBJC_IMPLICIT_RETAIN_SELF = YES;
				CLANG_WARN_OBJC_LITERAL_CONVERSION = YES;
				CLANG_WARN_OBJC_ROOT_CLASS = YES_ERROR;
				CLANG_WARN_QUOTED_INCLUDE_IN_FRAMEWORK_HEADER = YES;
				CLANG_WARN_RANGE_LOOP_ANALYSIS = YES;
				CLANG_WARN_STRICT_PROTOTYPES = YES;
				CLANG_WARN_SUSPICIOUS_MOVE = YES;
				CLANG_WARN_UNGUARDED_AVAILABILITY = YES_AGGRESSIVE;
				CLANG_WARN_UNREACHABLE_CODE = YES;
				CLANG_WARN__DUPLICATE_METHOD_MATCH = YES;
				COPY_PHASE_STRIP = NO;
				DEBUG_INFORMATION_FORMAT = dwarf;
				ENABLE_STRICT_OBJC_MSGSEND = YES;
				ENABLE_TESTABILITY = YES;
				GCC_C_LANGUAGE_STANDARD = gnu11;
				GCC_DYNAMIC_NO_PIC = NO;
				GCC_NO_COMMON_BLOCKS = YES;
				GCC_OPTIMIZATION_LEVEL = 0;
				GCC_PREPROCESSOR_DEFINITIONS = (
					"DEBUG=1",
					"$(inherited)",
				);
				GCC_WARN_64_TO_32_BIT_CONVERSION = YES;
				GCC_WARN_ABOUT_RETURN_TYPE = YES_ERROR;
				GCC_WARN_UNDECLARED_SELECTOR = YES;
				GCC_WARN_UNINITIALIZED_AUTOS = YES_AGGRESSIVE;
				GCC_WARN_UNUSED_FUNCTION = YES;
				GCC_WARN_UNUSED_VARIABLE = YES;
				IPHONEOS_DEPLOYMENT_TARGET = 15.0;
				MTL_ENABLE_DEBUG_INFO = INCLUDE_SOURCE;
				MTL_FAST_MATH = YES;
				ONLY_ACTIVE_ARCH = YES;
				SDKROOT = iphoneos;
				SWIFT_ACTIVE_COMPILATION_CONDITIONS = DEBUG;
				SWIFT_OPTIMIZATION_LEVEL = "-Onone";
			};
			name = Debug;
		};
		BE68C9A928473C2200D1C21D /* Release */ = {
			isa = XCBuildConfiguration;
			buildSettings = {
				ALWAYS_SEARCH_USER_PATHS = NO;
				CLANG_ANALYZER_NONNULL = YES;
				CLANG_ANALYZER_NUMBER_OBJECT_CONVERSION = YES_AGGRESSIVE;
				CLANG_CXX_LANGUAGE_STANDARD = "gnu++17";
				CLANG_CXX_LIBRARY = "libc++";
				CLANG_ENABLE_MODULES = YES;
				CLANG_ENABLE_OBJC_ARC = YES;
				CLANG_ENABLE_OBJC_WEAK = YES;
				CLANG_WARN_BLOCK_CAPTURE_AUTORELEASING = YES;
				CLANG_WARN_BOOL_CONVERSION = YES;
				CLANG_WARN_COMMA = YES;
				CLANG_WARN_CONSTANT_CONVERSION = YES;
				CLANG_WARN_DEPRECATED_OBJC_IMPLEMENTATIONS = YES;
				CLANG_WARN_DIRECT_OBJC_ISA_USAGE = YES_ERROR;
				CLANG_WARN_DOCUMENTATION_COMMENTS = YES;
				CLANG_WARN_EMPTY_BODY = YES;
				CLANG_WARN_ENUM_CONVERSION = YES;
				CLANG_WARN_INFINITE_RECURSION = YES;
				CLANG_WARN_INT_CONVERSION = YES;
				CLANG_WARN_NON_LITERAL_NULL_CONVERSION = YES;
				CLANG_WARN_OBJC_IMPLICIT_RETAIN_SELF = YES;
				CLANG_WARN_OBJC_LITERAL_CONVERSION = YES;
				CLANG_WARN_OBJC_ROOT_CLASS = YES_ERROR;
				CLANG_WARN_QUOTED_INCLUDE_IN_FRAMEWORK_HEADER = YES;
				CLANG_WARN_RANGE_LOOP_ANALYSIS = YES;
				CLANG_WARN_STRICT_PROTOTYPES = YES;
				CLANG_WARN_SUSPICIOUS_MOVE = YES;
				CLANG_WARN_UNGUARDED_AVAILABILITY = YES_AGGRESSIVE;
				CLANG_WARN_UNREACHABLE_CODE = YES;
				CLANG_WARN__DUPLICATE_METHOD_MATCH = YES;
				COPY_PHASE_STRIP = NO;
				DEBUG_INFORMATION_FORMAT = "dwarf-with-dsym";
				ENABLE_NS_ASSERTIONS = NO;
				ENABLE_STRICT_OBJC_MSGSEND = YES;
				GCC_C_LANGUAGE_STANDARD = gnu11;
				GCC_NO_COMMON_BLOCKS = YES;
				GCC_WARN_64_TO_32_BIT_CONVERSION = YES;
				GCC_WARN_ABOUT_RETURN_TYPE = YES_ERROR;
				GCC_WARN_UNDECLARED_SELECTOR = YES;
				GCC_WARN_UNINITIALIZED_AUTOS = YES_AGGRESSIVE;
				GCC_WARN_UNUSED_FUNCTION = YES;
				GCC_WARN_UNUSED_VARIABLE = YES;
				IPHONEOS_DEPLOYMENT_TARGET = 15.0;
				MTL_ENABLE_DEBUG_INFO = NO;
				MTL_FAST_MATH = YES;
				SDKROOT = iphoneos;
				SWIFT_COMPILATION_MODE = wholemodule;
				SWIFT_OPTIMIZATION_LEVEL = "-O";
				VALIDATE_PRODUCT = YES;
			};
			name = Release;
		};
		BE68C9AB28473C2200D1C21D /* Debug */ = {
			isa = XCBuildConfiguration;
			baseConfigurationReference = A14297A61AD70105374370D4 /* Pods-DLR WebView.debug.xcconfig */;
			buildSettings = {
				ASSETCATALOG_COMPILER_APPICON_NAME = AppIcon;
				ASSETCATALOG_COMPILER_GLOBAL_ACCENT_COLOR_NAME = AccentColor;
				CODE_SIGN_STYLE = Automatic;
				CURRENT_PROJECT_VERSION = 1;
				DEVELOPMENT_TEAM = XQ6X448L48;
				GENERATE_INFOPLIST_FILE = YES;
				INFOPLIST_FILE = "DLR WebView/Info.plist";
				INFOPLIST_KEY_NSCameraUsageDescription = "For text recognition";
				INFOPLIST_KEY_UIApplicationSupportsIndirectInputEvents = YES;
				INFOPLIST_KEY_UILaunchStoryboardName = LaunchScreen;
				INFOPLIST_KEY_UIMainStoryboardFile = Main;
				INFOPLIST_KEY_UISupportedInterfaceOrientations_iPad = "UIInterfaceOrientationPortrait UIInterfaceOrientationPortraitUpsideDown UIInterfaceOrientationLandscapeLeft UIInterfaceOrientationLandscapeRight";
				INFOPLIST_KEY_UISupportedInterfaceOrientations_iPhone = "UIInterfaceOrientationPortrait UIInterfaceOrientationLandscapeLeft UIInterfaceOrientationLandscapeRight";
				LD_RUNPATH_SEARCH_PATHS = (
					"$(inherited)",
					"@executable_path/Frameworks",
				);
				MARKETING_VERSION = 1.0;
				PRODUCT_BUNDLE_IDENTIFIER = com.xulihang.DLRWebView;
				PRODUCT_NAME = "$(TARGET_NAME)";
				SWIFT_EMIT_LOC_STRINGS = YES;
				SWIFT_VERSION = 5.0;
				TARGETED_DEVICE_FAMILY = "1,2";
			};
			name = Debug;
		};
		BE68C9AC28473C2200D1C21D /* Release */ = {
			isa = XCBuildConfiguration;
			baseConfigurationReference = 82E14E3B7547D290B23138D7 /* Pods-DLR WebView.release.xcconfig */;
			buildSettings = {
				ASSETCATALOG_COMPILER_APPICON_NAME = AppIcon;
				ASSETCATALOG_COMPILER_GLOBAL_ACCENT_COLOR_NAME = AccentColor;
				CODE_SIGN_STYLE = Automatic;
				CURRENT_PROJECT_VERSION = 1;
				DEVELOPMENT_TEAM = XQ6X448L48;
				GENERATE_INFOPLIST_FILE = YES;
				INFOPLIST_FILE = "DLR WebView/Info.plist";
				INFOPLIST_KEY_NSCameraUsageDescription = "For text recognition";
				INFOPLIST_KEY_UIApplicationSupportsIndirectInputEvents = YES;
				INFOPLIST_KEY_UILaunchStoryboardName = LaunchScreen;
				INFOPLIST_KEY_UIMainStoryboardFile = Main;
				INFOPLIST_KEY_UISupportedInterfaceOrientations_iPad = "UIInterfaceOrientationPortrait UIInterfaceOrientationPortraitUpsideDown UIInterfaceOrientationLandscapeLeft UIInterfaceOrientationLandscapeRight";
				INFOPLIST_KEY_UISupportedInterfaceOrientations_iPhone = "UIInterfaceOrientationPortrait UIInterfaceOrientationLandscapeLeft UIInterfaceOrientationLandscapeRight";
				LD_RUNPATH_SEARCH_PATHS = (
					"$(inherited)",
					"@executable_path/Frameworks",
				);
				MARKETING_VERSION = 1.0;
				PRODUCT_BUNDLE_IDENTIFIER = com.xulihang.DLRWebView;
				PRODUCT_NAME = "$(TARGET_NAME)";
				SWIFT_EMIT_LOC_STRINGS = YES;
				SWIFT_VERSION = 5.0;
				TARGETED_DEVICE_FAMILY = "1,2";
			};
			name = Release;
		};
/* End XCBuildConfiguration section */

/* Begin XCConfigurationList section */
		BE68C99128473C2000D1C21D /* Build configuration list for PBXProject "DLR WebView" */ = {
			isa = XCConfigurationList;
			buildConfigurations = (
				BE68C9A828473C2200D1C21D /* Debug */,
				BE68C9A928473C2200D1C21D /* Release */,
			);
			defaultConfigurationIsVisible = 0;
			defaultConfigurationName = Release;
		};
		BE68C9AA28473C2200D1C21D /* Build configuration list for PBXNativeTarget "DLR WebView" */ = {
			isa = XCConfigurationList;
			buildConfigurations = (
				BE68C9AB28473C2200D1C21D /* Debug */,
				BE68C9AC28473C2200D1C21D /* Release */,
			);
			defaultConfigurationIsVisible = 0;
			defaultConfigurationName = Release;
		};
/* End XCConfigurationList section */
	};
	rootObject = BE68C98E28473C2000D1C21D /* Project object */;
}
